# THIS IS AN AUTOGENERATED FILE. DO NOT EDIT THIS FILE DIRECTLY.
# yarn lockfile v1


prettier@^2.8.1:
  version "2.8.1"
  resolved "https://registry.yarnpkg.com/prettier/-/prettier-2.8.1.tgz#4e1fd11c34e2421bc1da9aea9bd8127cd0a35efc"
  integrity sha512-lqGoSJBQNJidqCHE80vqZJHWHRFoNYsSpP9AjFhlhi9ODCJA541svILes/+/1GM3VaL/abZi7cpFzOpdR9UPKg==

sass-migrator@^1.7.2:
  version "1.7.2"
  resolved "https://registry.yarnpkg.com/sass-migrator/-/sass-migrator-1.7.2.tgz#669d80c608048ccfb35641b2c0bc3d458a5034d2"
  integrity sha512-BJQyLPd8jGyJaDuwH8w7q3OMAW+jXzbeS/sn0GJacS5woBm2PKHX+PaEFCxEnfN1sQuxg0XnDAiS/NO1sVi+oQ==
